// !$*UTF8*$!
{
	archiveVersion = 1;
	classes = {
	};
	objectVersion = 55;
	objects = {

/* Begin PBXBuildFile section */
		0AF80315279CB9A600DA2AF0 /* View Controller2.swift in Sources */ = {isa = PBXBuildFile; fileRef = 0AF80314279CB9A600DA2AF0 /* View Controller2.swift */; };
		414F400D279C8E3B00CD810B /* AppDelegate.swift in Sources */ = {isa = PBXBuildFile; fileRef = 414F400C279C8E3B00CD810B /* AppDelegate.swift */; };
		414F400F279C8E3B00CD810B /* SceneDelegate.swift in Sources */ = {isa = PBXBuildFile; fileRef = 414F400E279C8E3B00CD810B /* SceneDelegate.swift */; };
		414F4011279C8E3B00CD810B /* ViewController.swift in Sources */ = {isa = PBXBuildFile; fileRef = 414F4010279C8E3B00CD810B /* ViewController.swift */; };
		414F4014279C8E3B00CD810B /* Main.storyboard in Resources */ = {isa = PBXBuildFile; fileRef = 414F4012279C8E3B00CD810B /* Main.storyboard */; };
		414F4016279C8E3C00CD810B /* Assets.xcassets in Resources */ = {isa = PBXBuildFile; fileRef = 414F4015279C8E3C00CD810B /* Assets.xcassets */; };
		414F4019279C8E3C00CD810B /* LaunchScreen.storyboard in Resources */ = {isa = PBXBuildFile; fileRef = 414F4017279C8E3C00CD810B /* LaunchScreen.storyboard */; };
		414F4024279C8E3C00CD810B /* BrogatachiTests.swift in Sources */ = {isa = PBXBuildFile; fileRef = 414F4023279C8E3C00CD810B /* BrogatachiTests.swift */; };
		414F402E279C8E3C00CD810B /* BrogatachiUITests.swift in Sources */ = {isa = PBXBuildFile; fileRef = 414F402D279C8E3C00CD810B /* BrogatachiUITests.swift */; };
		414F4030279C8E3C00CD810B /* BrogatachiUITestsLaunchTests.swift in Sources */ = {isa = PBXBuildFile; fileRef = 414F402F279C8E3C00CD810B /* BrogatachiUITestsLaunchTests.swift */; };
		4167ACB9279CB460000CDC0E /* piwefhipfhwe.png in Resources */ = {isa = PBXBuildFile; fileRef = 4167ACB8279CB460000CDC0E /* piwefhipfhwe.png */; };
		4167ACBB279CB491000CDC0E /* obabo.png in Resources */ = {isa = PBXBuildFile; fileRef = 4167ACBA279CB491000CDC0E /* obabo.png */; };
		4167ACCD279CDB00000CDC0E /* song1.wav in Resources */ = {isa = PBXBuildFile; fileRef = 4167ACCC279CDB00000CDC0E /* song1.wav */; };
		4167ACCE279CDB00000CDC0E /* song1.wav in Resources */ = {isa = PBXBuildFile; fileRef = 4167ACCC279CDB00000CDC0E /* song1.wav */; };
		4167ACCF279CDB00000CDC0E /* song1.wav in Resources */ = {isa = PBXBuildFile; fileRef = 4167ACCC279CDB00000CDC0E /* song1.wav */; };
		4167ACD1279CDB18000CDC0E /* crack.wav in Resources */ = {isa = PBXBuildFile; fileRef = 4167ACD0279CDB18000CDC0E /* crack.wav */; };
		4167ACD2279CDB18000CDC0E /* crack.wav in Resources */ = {isa = PBXBuildFile; fileRef = 4167ACD0279CDB18000CDC0E /* crack.wav */; };
		4167ACD3279CDB18000CDC0E /* crack.wav in Resources */ = {isa = PBXBuildFile; fileRef = 4167ACD0279CDB18000CDC0E /* crack.wav */; };
		4167ACD5279CDBEA000CDC0E /* tap.wav in Resources */ = {isa = PBXBuildFile; fileRef = 4167ACD4279CDBEA000CDC0E /* tap.wav */; };
		4167ACD6279CDBEA000CDC0E /* tap.wav in Resources */ = {isa = PBXBuildFile; fileRef = 4167ACD4279CDBEA000CDC0E /* tap.wav */; };
		4167ACD7279CDBEA000CDC0E /* tap.wav in Resources */ = {isa = PBXBuildFile; fileRef = 4167ACD4279CDBEA000CDC0E /* tap.wav */; };
		4167ACD9279CDCF0000CDC0E /* tapShort.wav in Resources */ = {isa = PBXBuildFile; fileRef = 4167ACD8279CDCEF000CDC0E /* tapShort.wav */; };
		4167ACDA279CDCF0000CDC0E /* tapShort.wav in Resources */ = {isa = PBXBuildFile; fileRef = 4167ACD8279CDCEF000CDC0E /* tapShort.wav */; };
		4167ACDB279CDCF0000CDC0E /* tapShort.wav in Resources */ = {isa = PBXBuildFile; fileRef = 4167ACD8279CDCEF000CDC0E /* tapShort.wav */; };
		4167ACDD279CDFEA000CDC0E /* Sound_MainLoop.wav in Resources */ = {isa = PBXBuildFile; fileRef = 4167ACDC279CDFEA000CDC0E /* Sound_MainLoop.wav */; };
		4167ACDE279CDFEA000CDC0E /* Sound_MainLoop.wav in Resources */ = {isa = PBXBuildFile; fileRef = 4167ACDC279CDFEA000CDC0E /* Sound_MainLoop.wav */; };
		4167ACDF279CDFEA000CDC0E /* Sound_MainLoop.wav in Resources */ = {isa = PBXBuildFile; fileRef = 4167ACDC279CDFEA000CDC0E /* Sound_MainLoop.wav */; };
/* End PBXBuildFile section */

/* Begin PBXContainerItemProxy section */
		414F4020279C8E3C00CD810B /* PBXContainerItemProxy */ = {
			isa = PBXContainerItemProxy;
			containerPortal = 414F4001279C8E3B00CD810B /* Project object */;
			proxyType = 1;
			remoteGlobalIDString = 414F4008279C8E3B00CD810B;
			remoteInfo = Brogatachi;
		};
		414F402A279C8E3C00CD810B /* PBXContainerItemProxy */ = {
			isa = PBXContainerItemProxy;
			containerPortal = 414F4001279C8E3B00CD810B /* Project object */;
			proxyType = 1;
			remoteGlobalIDString = 414F4008279C8E3B00CD810B;
			remoteInfo = Brogatachi;
		};
/* End PBXContainerItemProxy section */

/* Begin PBXFileReference section */
		0AF80314279CB9A600DA2AF0 /* View Controller2.swift */ = {isa = PBXFileReference; lastKnownFileType = sourcecode.swift; path = "View Controller2.swift"; sourceTree = "<group>"; };
		414F4009279C8E3B00CD810B /* Brogatachi.app */ = {isa = PBXFileReference; explicitFileType = wrapper.application; includeInIndex = 0; path = Brogatachi.app; sourceTree = BUILT_PRODUCTS_DIR; };
		414F400C279C8E3B00CD810B /* AppDelegate.swift */ = {isa = PBXFileReference; lastKnownFileType = sourcecode.swift; path = AppDelegate.swift; sourceTree = "<group>"; };
		414F400E279C8E3B00CD810B /* SceneDelegate.swift */ = {isa = PBXFileReference; lastKnownFileType = sourcecode.swift; path = SceneDelegate.swift; sourceTree = "<group>"; };
		414F4010279C8E3B00CD810B /* ViewController.swift */ = {isa = PBXFileReference; lastKnownFileType = sourcecode.swift; path = ViewController.swift; sourceTree = "<group>"; };
		414F4013279C8E3B00CD810B /* Base */ = {isa = PBXFileReference; lastKnownFileType = file.storyboard; name = Base; path = Base.lproj/Main.storyboard; sourceTree = "<group>"; };
		414F4015279C8E3C00CD810B /* Assets.xcassets */ = {isa = PBXFileReference; lastKnownFileType = folder.assetcatalog; path = Assets.xcassets; sourceTree = "<group>"; };
		414F4018279C8E3C00CD810B /* Base */ = {isa = PBXFileReference; lastKnownFileType = file.storyboard; name = Base; path = Base.lproj/LaunchScreen.storyboard; sourceTree = "<group>"; };
		414F401A279C8E3C00CD810B /* Info.plist */ = {isa = PBXFileReference; lastKnownFileType = text.plist.xml; path = Info.plist; sourceTree = "<group>"; };
		414F401F279C8E3C00CD810B /* BrogatachiTests.xctest */ = {isa = PBXFileReference; explicitFileType = wrapper.cfbundle; includeInIndex = 0; path = BrogatachiTests.xctest; sourceTree = BUILT_PRODUCTS_DIR; };
		414F4023279C8E3C00CD810B /* BrogatachiTests.swift */ = {isa = PBXFileReference; lastKnownFileType = sourcecode.swift; path = BrogatachiTests.swift; sourceTree = "<group>"; };
		414F4029279C8E3C00CD810B /* BrogatachiUITests.xctest */ = {isa = PBXFileReference; explicitFileType = wrapper.cfbundle; includeInIndex = 0; path = BrogatachiUITests.xctest; sourceTree = BUILT_PRODUCTS_DIR; };
		414F402D279C8E3C00CD810B /* BrogatachiUITests.swift */ = {isa = PBXFileReference; lastKnownFileType = sourcecode.swift; path = BrogatachiUITests.swift; sourceTree = "<group>"; };
		414F402F279C8E3C00CD810B /* BrogatachiUITestsLaunchTests.swift */ = {isa = PBXFileReference; lastKnownFileType = sourcecode.swift; path = BrogatachiUITestsLaunchTests.swift; sourceTree = "<group>"; };
		4167ACB8279CB460000CDC0E /* piwefhipfhwe.png */ = {isa = PBXFileReference; lastKnownFileType = image.png; path = piwefhipfhwe.png; sourceTree = "<group>"; };
		4167ACBA279CB491000CDC0E /* obabo.png */ = {isa = PBXFileReference; lastKnownFileType = image.png; path = obabo.png; sourceTree = "<group>"; };
		4167ACCC279CDB00000CDC0E /* song1.wav */ = {isa = PBXFileReference; lastKnownFileType = audio.wav; path = song1.wav; sourceTree = "<group>"; };
		4167ACD0279CDB18000CDC0E /* crack.wav */ = {isa = PBXFileReference; lastKnownFileType = audio.wav; path = crack.wav; sourceTree = "<group>"; };
		4167ACD4279CDBEA000CDC0E /* tap.wav */ = {isa = PBXFileReference; lastKnownFileType = audio.wav; path = tap.wav; sourceTree = "<group>"; };
		4167ACD8279CDCEF000CDC0E /* tapShort.wav */ = {isa = PBXFileReference; lastKnownFileType = audio.wav; path = tapShort.wav; sourceTree = "<group>"; };
		4167ACDC279CDFEA000CDC0E /* Sound_MainLoop.wav */ = {isa = PBXFileReference; lastKnownFileType = audio.wav; path = Sound_MainLoop.wav; sourceTree = "<group>"; };
/* End PBXFileReference section */

/* Begin PBXFrameworksBuildPhase section */
		414F4006279C8E3B00CD810B /* Frameworks */ = {
			isa = PBXFrameworksBuildPhase;
			buildActionMask = 2147483647;
			files = (
			);
			runOnlyForDeploymentPostprocessing = 0;
		};
		414F401C279C8E3C00CD810B /* Frameworks */ = {
			isa = PBXFrameworksBuildPhase;
			buildActionMask = 2147483647;
			files = (
			);
			runOnlyForDeploymentPostprocessing = 0;
		};
		414F4026279C8E3C00CD810B /* Frameworks */ = {
			isa = PBXFrameworksBuildPhase;
			buildActionMask = 2147483647;
			files = (
			);
			runOnlyForDeploymentPostprocessing = 0;
		};
/* End PBXFrameworksBuildPhase section */

/* Begin PBXGroup section */
		414F4000279C8E3B00CD810B = {
			isa = PBXGroup;
			children = (
				414F400B279C8E3B00CD810B /* Brogatachi */,
				414F4022279C8E3C00CD810B /* BrogatachiTests */,
				414F402C279C8E3C00CD810B /* BrogatachiUITests */,
				414F400A279C8E3B00CD810B /* Products */,
			);
			sourceTree = "<group>";
		};
		414F400A279C8E3B00CD810B /* Products */ = {
			isa = PBXGroup;
			children = (
				414F4009279C8E3B00CD810B /* Brogatachi.app */,
				414F401F279C8E3C00CD810B /* BrogatachiTests.xctest */,
				414F4029279C8E3C00CD810B /* BrogatachiUITests.xctest */,
			);
			name = Products;
			sourceTree = "<group>";
		};
		414F400B279C8E3B00CD810B /* Brogatachi */ = {
			isa = PBXGroup;
			children = (
				414F400C279C8E3B00CD810B /* AppDelegate.swift */,
				414F400E279C8E3B00CD810B /* SceneDelegate.swift */,
				414F4010279C8E3B00CD810B /* ViewController.swift */,
				0AF80314279CB9A600DA2AF0 /* View Controller2.swift */,
				414F4012279C8E3B00CD810B /* Main.storyboard */,
				414F4015279C8E3C00CD810B /* Assets.xcassets */,
				414F4017279C8E3C00CD810B /* LaunchScreen.storyboard */,
				4167ACCC279CDB00000CDC0E /* song1.wav */,
				4167ACD0279CDB18000CDC0E /* crack.wav */,
				4167ACD4279CDBEA000CDC0E /* tap.wav */,
				4167ACD8279CDCEF000CDC0E /* tapShort.wav */,
				4167ACDC279CDFEA000CDC0E /* Sound_MainLoop.wav */,
				414F401A279C8E3C00CD810B /* Info.plist */,
			);
			path = Brogatachi;
			sourceTree = "<group>";
		};
		414F4022279C8E3C00CD810B /* BrogatachiTests */ = {
			isa = PBXGroup;
			children = (
				414F4023279C8E3C00CD810B /* BrogatachiTests.swift */,
			);
			path = BrogatachiTests;
			sourceTree = "<group>";
		};
		414F402C279C8E3C00CD810B /* BrogatachiUITests */ = {
			isa = PBXGroup;
			children = (
				414F402D279C8E3C00CD810B /* BrogatachiUITests.swift */,
				414F402F279C8E3C00CD810B /* BrogatachiUITestsLaunchTests.swift */,
				4167ACB8279CB460000CDC0E /* piwefhipfhwe.png */,
				4167ACBA279CB491000CDC0E /* obabo.png */,
			);
			path = BrogatachiUITests;
			sourceTree = "<group>";
		};
/* End PBXGroup section */

/* Begin PBXNativeTarget section */
		414F4008279C8E3B00CD810B /* Brogatachi */ = {
			isa = PBXNativeTarget;
			buildConfigurationList = 414F4033279C8E3C00CD810B /* Build configuration list for PBXNativeTarget "Brogatachi" */;
			buildPhases = (
				414F4005279C8E3B00CD810B /* Sources */,
				414F4006279C8E3B00CD810B /* Frameworks */,
				414F4007279C8E3B00CD810B /* Resources */,
			);
			buildRules = (
			);
			dependencies = (
			);
			name = Brogatachi;
			productName = Brogatachi;
			productReference = 414F4009279C8E3B00CD810B /* Brogatachi.app */;
			productType = "com.apple.product-type.application";
		};
		414F401E279C8E3C00CD810B /* BrogatachiTests */ = {
			isa = PBXNativeTarget;
			buildConfigurationList = 414F4036279C8E3C00CD810B /* Build configuration list for PBXNativeTarget "BrogatachiTests" */;
			buildPhases = (
				414F401B279C8E3C00CD810B /* Sources */,
				414F401C279C8E3C00CD810B /* Frameworks */,
				414F401D279C8E3C00CD810B /* Resources */,
			);
			buildRules = (
			);
			dependencies = (
				414F4021279C8E3C00CD810B /* PBXTargetDependency */,
			);
			name = BrogatachiTests;
			productName = BrogatachiTests;
			productReference = 414F401F279C8E3C00CD810B /* BrogatachiTests.xctest */;
			productType = "com.apple.product-type.bundle.unit-test";
		};
		414F4028279C8E3C00CD810B /* BrogatachiUITests */ = {
			isa = PBXNativeTarget;
			buildConfigurationList = 414F4039279C8E3C00CD810B /* Build configuration list for PBXNativeTarget "BrogatachiUITests" */;
			buildPhases = (
				414F4025279C8E3C00CD810B /* Sources */,
				414F4026279C8E3C00CD810B /* Frameworks */,
				414F4027279C8E3C00CD810B /* Resources */,
			);
			buildRules = (
			);
			dependencies = (
				414F402B279C8E3C00CD810B /* PBXTargetDependency */,
			);
			name = BrogatachiUITests;
			productName = BrogatachiUITests;
			productReference = 414F4029279C8E3C00CD810B /* BrogatachiUITests.xctest */;
			productType = "com.apple.product-type.bundle.ui-testing";
		};
/* End PBXNativeTarget section */

/* Begin PBXProject section */
		414F4001279C8E3B00CD810B /* Project object */ = {
			isa = PBXProject;
			attributes = {
				BuildIndependentTargetsInParallel = 1;
				LastSwiftUpdateCheck = 1320;
				LastUpgradeCheck = 1320;
				TargetAttributes = {
					414F4008279C8E3B00CD810B = {
						CreatedOnToolsVersion = 13.2.1;
					};
					414F401E279C8E3C00CD810B = {
						CreatedOnToolsVersion = 13.2.1;
						TestTargetID = 414F4008279C8E3B00CD810B;
					};
					414F4028279C8E3C00CD810B = {
						CreatedOnToolsVersion = 13.2.1;
						TestTargetID = 414F4008279C8E3B00CD810B;
					};
				};
			};
			buildConfigurationList = 414F4004279C8E3B00CD810B /* Build configuration list for PBXProject "Brogatachi" */;
			compatibilityVersion = "Xcode 13.0";
			developmentRegion = en;
			hasScannedForEncodings = 0;
			knownRegions = (
				en,
				Base,
			);
			mainGroup = 414F4000279C8E3B00CD810B;
			productRefGroup = 414F400A279C8E3B00CD810B /* Products */;
			projectDirPath = "";
			projectRoot = "";
			targets = (
				414F4008279C8E3B00CD810B /* Brogatachi */,
				414F401E279C8E3C00CD810B /* BrogatachiTests */,
				414F4028279C8E3C00CD810B /* BrogatachiUITests */,
			);
		};
/* End PBXProject section */

/* Begin PBXResourcesBuildPhase section */
		414F4007279C8E3B00CD810B /* Resources */ = {
			isa = PBXResourcesBuildPhase;
			buildActionMask = 2147483647;
			files = (
				4167ACD5279CDBEA000CDC0E /* tap.wav in Resources */,
				414F4019279C8E3C00CD810B /* LaunchScreen.storyboard in Resources */,
				4167ACCD279CDB00000CDC0E /* song1.wav in Resources */,
				4167ACD1279CDB18000CDC0E /* crack.wav in Resources */,
				414F4016279C8E3C00CD810B /* Assets.xcassets in Resources */,
				4167ACDD279CDFEA000CDC0E /* Sound_MainLoop.wav in Resources */,
				4167ACD9279CDCF0000CDC0E /* tapShort.wav in Resources */,
				414F4014279C8E3B00CD810B /* Main.storyboard in Resources */,
			);
			runOnlyForDeploymentPostprocessing = 0;
		};
		414F401D279C8E3C00CD810B /* Resources */ = {
			isa = PBXResourcesBuildPhase;
			buildActionMask = 2147483647;
			files = (
				4167ACD6279CDBEA000CDC0E /* tap.wav in Resources */,
				4167ACDE279CDFEA000CDC0E /* Sound_MainLoop.wav in Resources */,
				4167ACDA279CDCF0000CDC0E /* tapShort.wav in Resources */,
				4167ACCE279CDB00000CDC0E /* song1.wav in Resources */,
				4167ACD2279CDB18000CDC0E /* crack.wav in Resources */,
			);
			runOnlyForDeploymentPostprocessing = 0;
		};
		414F4027279C8E3C00CD810B /* Resources */ = {
			isa = PBXResourcesBuildPhase;
			buildActionMask = 2147483647;
			files = (
				4167ACB9279CB460000CDC0E /* piwefhipfhwe.png in Resources */,
				4167ACD3279CDB18000CDC0E /* crack.wav in Resources */,
				4167ACCF279CDB00000CDC0E /* song1.wav in Resources */,
				4167ACBB279CB491000CDC0E /* obabo.png in Resources */,
				4167ACDF279CDFEA000CDC0E /* Sound_MainLoop.wav in Resources */,
				4167ACD7279CDBEA000CDC0E /* tap.wav in Resources */,
				4167ACDB279CDCF0000CDC0E /* tapShort.wav in Resources */,
			);
			runOnlyForDeploymentPostprocessing = 0;
		};
/* End PBXResourcesBuildPhase section */

/* Begin PBXSourcesBuildPhase section */
		414F4005279C8E3B00CD810B /* Sources */ = {
			isa = PBXSourcesBuildPhase;
			buildActionMask = 2147483647;
			files = (
				414F4011279C8E3B00CD810B /* ViewController.swift in Sources */,
				414F400D279C8E3B00CD810B /* AppDelegate.swift in Sources */,
				0AF80315279CB9A600DA2AF0 /* View Controller2.swift in Sources */,
				414F400F279C8E3B00CD810B /* SceneDelegate.swift in Sources */,
			);
			runOnlyForDeploymentPostprocessing = 0;
		};
		414F401B279C8E3C00CD810B /* Sources */ = {
			isa = PBXSourcesBuildPhase;
			buildActionMask = 2147483647;
			files = (
				414F4024279C8E3C00CD810B /* BrogatachiTests.swift in Sources */,
			);
			runOnlyForDeploymentPostprocessing = 0;
		};
		414F4025279C8E3C00CD810B /* Sources */ = {
			isa = PBXSourcesBuildPhase;
			buildActionMask = 2147483647;
			files = (
				414F4030279C8E3C00CD810B /* BrogatachiUITestsLaunchTests.swift in Sources */,
				414F402E279C8E3C00CD810B /* BrogatachiUITests.swift in Sources */,
			);
			runOnlyForDeploymentPostprocessing = 0;
		};
/* End PBXSourcesBuildPhase section */

/* Begin PBXTargetDependency section */
		414F4021279C8E3C00CD810B /* PBXTargetDependency */ = {
			isa = PBXTargetDependency;
			target = 414F4008279C8E3B00CD810B /* Brogatachi */;
			targetProxy = 414F4020279C8E3C00CD810B /* PBXContainerItemProxy */;
		};
		414F402B279C8E3C00CD810B /* PBXTargetDependency */ = {
			isa = PBXTargetDependency;
			target = 414F4008279C8E3B00CD810B /* Brogatachi */;
			targetProxy = 414F402A279C8E3C00CD810B /* PBXContainerItemProxy */;
		};
/* End PBXTargetDependency section */

/* Begin PBXVariantGroup section */
		414F4012279C8E3B00CD810B /* Main.storyboard */ = {
			isa = PBXVariantGroup;
			children = (
				414F4013279C8E3B00CD810B /* Base */,
			);
			name = Main.storyboard;
			sourceTree = "<group>";
		};
		414F4017279C8E3C00CD810B /* LaunchScreen.storyboard */ = {
			isa = PBXVariantGroup;
			children = (
				414F4018279C8E3C00CD810B /* Base */,
			);
			name = LaunchScreen.storyboard;
			sourceTree = "<group>";
		};
/* End PBXVariantGroup section */

/* Begin XCBuildConfiguration section */
		414F4031279C8E3C00CD810B /* Debug */ = {
			isa = XCBuildConfiguration;
			buildSettings = {
				ALWAYS_SEARCH_USER_PATHS = NO;
				CLANG_ANALYZER_NONNULL = YES;
				CLANG_ANALYZER_NUMBER_OBJECT_CONVERSION = YES_AGGRESSIVE;
				CLANG_CXX_LANGUAGE_STANDARD = "gnu++17";
				CLANG_CXX_LIBRARY = "libc++";
				CLANG_ENABLE_MODULES = YES;
				CLANG_ENABLE_OBJC_ARC = YES;
				CLANG_ENABLE_OBJC_WEAK = YES;
				CLANG_WARN_BLOCK_CAPTURE_AUTORELEASING = YES;
				CLANG_WARN_BOOL_CONVERSION = YES;
				CLANG_WARN_COMMA = YES;
				CLANG_WARN_CONSTANT_CONVERSION = YES;
				CLANG_WARN_DEPRECATED_OBJC_IMPLEMENTATIONS = YES;
				CLANG_WARN_DIRECT_OBJC_ISA_USAGE = YES_ERROR;
				CLANG_WARN_DOCUMENTATION_COMMENTS = YES;
				CLANG_WARN_EMPTY_BODY = YES;
				CLANG_WARN_ENUM_CONVERSION = YES;
				CLANG_WARN_INFINITE_RECURSION = YES;
				CLANG_WARN_INT_CONVERSION = YES;
				CLANG_WARN_NON_LITERAL_NULL_CONVERSION = YES;
				CLANG_WARN_OBJC_IMPLICIT_RETAIN_SELF = YES;
				CLANG_WARN_OBJC_LITERAL_CONVERSION = YES;
				CLANG_WARN_OBJC_ROOT_CLASS = YES_ERROR;
				CLANG_WARN_QUOTED_INCLUDE_IN_FRAMEWORK_HEADER = YES;
				CLANG_WARN_RANGE_LOOP_ANALYSIS = YES;
				CLANG_WARN_STRICT_PROTOTYPES = YES;
				CLANG_WARN_SUSPICIOUS_MOVE = YES;
				CLANG_WARN_UNGUARDED_AVAILABILITY = YES_AGGRESSIVE;
				CLANG_WARN_UNREACHABLE_CODE = YES;
				CLANG_WARN__DUPLICATE_METHOD_MATCH = YES;
				COPY_PHASE_STRIP = NO;
				DEBUG_INFORMATION_FORMAT = dwarf;
				ENABLE_STRICT_OBJC_MSGSEND = YES;
				ENABLE_TESTABILITY = YES;
				GCC_C_LANGUAGE_STANDARD = gnu11;
				GCC_DYNAMIC_NO_PIC = NO;
				GCC_NO_COMMON_BLOCKS = YES;
				GCC_OPTIMIZATION_LEVEL = 0;
				GCC_PREPROCESSOR_DEFINITIONS = (
					"DEBUG=1",
					"$(inherited)",
				);
				GCC_WARN_64_TO_32_BIT_CONVERSION = YES;
				GCC_WARN_ABOUT_RETURN_TYPE = YES_ERROR;
				GCC_WARN_UNDECLARED_SELECTOR = YES;
				GCC_WARN_UNINITIALIZED_AUTOS = YES_AGGRESSIVE;
				GCC_WARN_UNUSED_FUNCTION = YES;
				GCC_WARN_UNUSED_VARIABLE = YES;
				IPHONEOS_DEPLOYMENT_TARGET = 15.2;
				MTL_ENABLE_DEBUG_INFO = INCLUDE_SOURCE;
				MTL_FAST_MATH = YES;
				ONLY_ACTIVE_ARCH = YES;
				SDKROOT = iphoneos;
				SWIFT_ACTIVE_COMPILATION_CONDITIONS = DEBUG;
				SWIFT_OPTIMIZATION_LEVEL = "-Onone";
			};
			name = Debug;
		};
		414F4032279C8E3C00CD810B /* Release */ = {
			isa = XCBuildConfiguration;
			buildSettings = {
				ALWAYS_SEARCH_USER_PATHS = NO;
				CLANG_ANALYZER_NONNULL = YES;
				CLANG_ANALYZER_NUMBER_OBJECT_CONVERSION = YES_AGGRESSIVE;
				CLANG_CXX_LANGUAGE_STANDARD = "gnu++17";
				CLANG_CXX_LIBRARY = "libc++";
				CLANG_ENABLE_MODULES = YES;
				CLANG_ENABLE_OBJC_ARC = YES;
				CLANG_ENABLE_OBJC_WEAK = YES;
				CLANG_WARN_BLOCK_CAPTURE_AUTORELEASING = YES;
				CLANG_WARN_BOOL_CONVERSION = YES;
				CLANG_WARN_COMMA = YES;
				CLANG_WARN_CONSTANT_CONVERSION = YES;
				CLANG_WARN_DEPRECATED_OBJC_IMPLEMENTATIONS = YES;
				CLANG_WARN_DIRECT_OBJC_ISA_USAGE = YES_ERROR;
				CLANG_WARN_DOCUMENTATION_COMMENTS = YES;
				CLANG_WARN_EMPTY_BODY = YES;
				CLANG_WARN_ENUM_CONVERSION = YES;
				CLANG_WARN_INFINITE_RECURSION = YES;
				CLANG_WARN_INT_CONVERSION = YES;
				CLANG_WARN_NON_LITERAL_NULL_CONVERSION = YES;
				CLANG_WARN_OBJC_IMPLICIT_RETAIN_SELF = YES;
				CLANG_WARN_OBJC_LITERAL_CONVERSION = YES;
				CLANG_WARN_OBJC_ROOT_CLASS = YES_ERROR;
				CLANG_WARN_QUOTED_INCLUDE_IN_FRAMEWORK_HEADER = YES;
				CLANG_WARN_RANGE_LOOP_ANALYSIS = YES;
				CLANG_WARN_STRICT_PROTOTYPES = YES;
				CLANG_WARN_SUSPICIOUS_MOVE = YES;
				CLANG_WARN_UNGUARDED_AVAILABILITY = YES_AGGRESSIVE;
				CLANG_WARN_UNREACHABLE_CODE = YES;
				CLANG_WARN__DUPLICATE_METHOD_MATCH = YES;
				COPY_PHASE_STRIP = NO;
				DEBUG_INFORMATION_FORMAT = "dwarf-with-dsym";
				ENABLE_NS_ASSERTIONS = NO;
				ENABLE_STRICT_OBJC_MSGSEND = YES;
				GCC_C_LANGUAGE_STANDARD = gnu11;
				GCC_NO_COMMON_BLOCKS = YES;
				GCC_WARN_64_TO_32_BIT_CONVERSION = YES;
				GCC_WARN_ABOUT_RETURN_TYPE = YES_ERROR;
				GCC_WARN_UNDECLARED_SELECTOR = YES;
				GCC_WARN_UNINITIALIZED_AUTOS = YES_AGGRESSIVE;
				GCC_WARN_UNUSED_FUNCTION = YES;
				GCC_WARN_UNUSED_VARIABLE = YES;
				IPHONEOS_DEPLOYMENT_TARGET = 15.2;
				MTL_ENABLE_DEBUG_INFO = NO;
				MTL_FAST_MATH = YES;
				SDKROOT = iphoneos;
				SWIFT_COMPILATION_MODE = wholemodule;
				SWIFT_OPTIMIZATION_LEVEL = "-O";
				VALIDATE_PRODUCT = YES;
			};
			name = Release;
		};
		414F4034279C8E3C00CD810B /* Debug */ = {
			isa = XCBuildConfiguration;
			buildSettings = {
				ASSETCATALOG_COMPILER_APPICON_NAME = AppIcon;
				ASSETCATALOG_COMPILER_GLOBAL_ACCENT_COLOR_NAME = AccentColor;
				CODE_SIGN_STYLE = Automatic;
				CURRENT_PROJECT_VERSION = 1;
				DEVELOPMENT_TEAM = FFK62MSQ74;
				GENERATE_INFOPLIST_FILE = YES;
				INFOPLIST_FILE = Brogatachi/Info.plist;
				INFOPLIST_KEY_UIApplicationSupportsIndirectInputEvents = YES;
				INFOPLIST_KEY_UILaunchStoryboardName = LaunchScreen;
				INFOPLIST_KEY_UIMainStoryboardFile = Main;
				INFOPLIST_KEY_UISupportedInterfaceOrientations_iPad = "UIInterfaceOrientationPortrait UIInterfaceOrientationPortraitUpsideDown UIInterfaceOrientationLandscapeLeft UIInterfaceOrientationLandscapeRight";
				INFOPLIST_KEY_UISupportedInterfaceOrientations_iPhone = "UIInterfaceOrientationPortrait UIInterfaceOrientationLandscapeLeft UIInterfaceOrientationLandscapeRight";
				LD_RUNPATH_SEARCH_PATHS = (
					"$(inherited)",
					"@executable_path/Frameworks",
				);
				MARKETING_VERSION = 1.0;
				PRODUCT_BUNDLE_IDENTIFIER = com.Brogatachi;
				PRODUCT_NAME = "$(TARGET_NAME)";
				SWIFT_EMIT_LOC_STRINGS = YES;
				SWIFT_VERSION = 5.0;
				TARGETED_DEVICE_FAMILY = "1,2";
			};
			name = Debug;
		};
		414F4035279C8E3C00CD810B /* Release */ = {
			isa = XCBuildConfiguration;
			buildSettings = {
				ASSETCATALOG_COMPILER_APPICON_NAME = AppIcon;
				ASSETCATALOG_COMPILER_GLOBAL_ACCENT_COLOR_NAME = AccentColor;
				CODE_SIGN_STYLE = Automatic;
				CURRENT_PROJECT_VERSION = 1;
				DEVELOPMENT_TEAM = FFK62MSQ74;
				GENERATE_INFOPLIST_FILE = YES;
				INFOPLIST_FILE = Brogatachi/Info.plist;
				INFOPLIST_KEY_UIApplicationSupportsIndirectInputEvents = YES;
				INFOPLIST_KEY_UILaunchStoryboardName = LaunchScreen;
				INFOPLIST_KEY_UIMainStoryboardFile = Main;
				INFOPLIST_KEY_UISupportedInterfaceOrientations_iPad = "UIInterfaceOrientationPortrait UIInterfaceOrientationPortraitUpsideDown UIInterfaceOrientationLandscapeLeft UIInterfaceOrientationLandscapeRight";
				INFOPLIST_KEY_UISupportedInterfaceOrientations_iPhone = "UIInterfaceOrientationPortrait UIInterfaceOrientationLandscapeLeft UIInterfaceOrientationLandscapeRight";
				LD_RUNPATH_SEARCH_PATHS = (
					"$(inherited)",
					"@executable_path/Frameworks",
				);
				MARKETING_VERSION = 1.0;
				PRODUCT_BUNDLE_IDENTIFIER = com.Brogatachi;
				PRODUCT_NAME = "$(TARGET_NAME)";
				SWIFT_EMIT_LOC_STRINGS = YES;
				SWIFT_VERSION = 5.0;
				TARGETED_DEVICE_FAMILY = "1,2";
			};
			name = Release;
		};
		414F4037279C8E3C00CD810B /* Debug */ = {
			isa = XCBuildConfiguration;
			buildSettings = {
				ALWAYS_EMBED_SWIFT_STANDARD_LIBRARIES = YES;
				BUNDLE_LOADER = "$(TEST_HOST)";
				CODE_SIGN_STYLE = Automatic;
				CURRENT_PROJECT_VERSION = 1;
				DEVELOPMENT_TEAM = FFK62MSQ74;
				GENERATE_INFOPLIST_FILE = YES;
				IPHONEOS_DEPLOYMENT_TARGET = 15.2;
				MARKETING_VERSION = 1.0;
				PRODUCT_BUNDLE_IDENTIFIER = com.BrogatachiTests;
				PRODUCT_NAME = "$(TARGET_NAME)";
				SWIFT_EMIT_LOC_STRINGS = NO;
				SWIFT_VERSION = 5.0;
				TARGETED_DEVICE_FAMILY = "1,2";
				TEST_HOST = "$(BUILT_PRODUCTS_DIR)/Brogatachi.app/Brogatachi";
			};
			name = Debug;
		};
		414F4038279C8E3C00CD810B /* Release */ = {
			isa = XCBuildConfiguration;
			buildSettings = {
				ALWAYS_EMBED_SWIFT_STANDARD_LIBRARIES = YES;
				BUNDLE_LOADER = "$(TEST_HOST)";
				CODE_SIGN_STYLE = Automatic;
				CURRENT_PROJECT_VERSION = 1;
				DEVELOPMENT_TEAM = FFK62MSQ74;
				GENERATE_INFOPLIST_FILE = YES;
				IPHONEOS_DEPLOYMENT_TARGET = 15.2;
				MARKETING_VERSION = 1.0;
				PRODUCT_BUNDLE_IDENTIFIER = com.BrogatachiTests;
				PRODUCT_NAME = "$(TARGET_NAME)";
				SWIFT_EMIT_LOC_STRINGS = NO;
				SWIFT_VERSION = 5.0;
				TARGETED_DEVICE_FAMILY = "1,2";
				TEST_HOST = "$(BUILT_PRODUCTS_DIR)/Brogatachi.app/Brogatachi";
			};
			name = Release;
		};
		414F403A279C8E3C00CD810B /* Debug */ = {
			isa = XCBuildConfiguration;
			buildSettings = {
				ALWAYS_EMBED_SWIFT_STANDARD_LIBRARIES = YES;
				CODE_SIGN_STYLE = Automatic;
				CURRENT_PROJECT_VERSION = 1;
				DEVELOPMENT_TEAM = FFK62MSQ74;
				GENERATE_INFOPLIST_FILE = YES;
				MARKETING_VERSION = 1.0;
				PRODUCT_BUNDLE_IDENTIFIER = com.BrogatachiUITests;
				PRODUCT_NAME = "$(TARGET_NAME)";
				SWIFT_EMIT_LOC_STRINGS = NO;
				SWIFT_VERSION = 5.0;
				TARGETED_DEVICE_FAMILY = "1,2";
				TEST_TARGET_NAME = Brogatachi;
			};
			name = Debug;
		};
		414F403B279C8E3C00CD810B /* Release */ = {
			isa = XCBuildConfiguration;
			buildSettings = {
				ALWAYS_EMBED_SWIFT_STANDARD_LIBRARIES = YES;
				CODE_SIGN_STYLE = Automatic;
				CURRENT_PROJECT_VERSION = 1;
				DEVELOPMENT_TEAM = FFK62MSQ74;
				GENERATE_INFOPLIST_FILE = YES;
				MARKETING_VERSION = 1.0;
				PRODUCT_BUNDLE_IDENTIFIER = com.BrogatachiUITests;
				PRODUCT_NAME = "$(TARGET_NAME)";
				SWIFT_EMIT_LOC_STRINGS = NO;
				SWIFT_VERSION = 5.0;
				TARGETED_DEVICE_FAMILY = "1,2";
				TEST_TARGET_NAME = Brogatachi;
			};
			name = Release;
		};
/* End XCBuildConfiguration section */

/* Begin XCConfigurationList section */
		414F4004279C8E3B00CD810B /* Build configuration list for PBXProject "Brogatachi" */ = {
			isa = XCConfigurationList;
			buildConfigurations = (
				414F4031279C8E3C00CD810B /* Debug */,
				414F4032279C8E3C00CD810B /* Release */,
			);
			defaultConfigurationIsVisible = 0;
			defaultConfigurationName = Release;
		};
		414F4033279C8E3C00CD810B /* Build configuration list for PBXNativeTarget "Brogatachi" */ = {
			isa = XCConfigurationList;
			buildConfigurations = (
				414F4034279C8E3C00CD810B /* Debug */,
				414F4035279C8E3C00CD810B /* Release */,
			);
			defaultConfigurationIsVisible = 0;
			defaultConfigurationName = Release;
		};
		414F4036279C8E3C00CD810B /* Build configuration list for PBXNativeTarget "BrogatachiTests" */ = {
			isa = XCConfigurationList;
			buildConfigurations = (
				414F4037279C8E3C00CD810B /* Debug */,
				414F4038279C8E3C00CD810B /* Release */,
			);
			defaultConfigurationIsVisible = 0;
			defaultConfigurationName = Release;
		};
		414F4039279C8E3C00CD810B /* Build configuration list for PBXNativeTarget "BrogatachiUITests" */ = {
			isa = XCConfigurationList;
			buildConfigurations = (
				414F403A279C8E3C00CD810B /* Debug */,
				414F403B279C8E3C00CD810B /* Release */,
			);
			defaultConfigurationIsVisible = 0;
			defaultConfigurationName = Release;
		};
/* End XCConfigurationList section */
	};
	rootObject = 414F4001279C8E3B00CD810B /* Project object */;
}
